Microsoft Visual Studio Solution File, Format Version 12.00
# Visual Studio Version 17
VisualStudioVersion = 17.5.2.0
MinimumVisualStudioVersion = 10.0.40219.1
Project("{FAE04EC0-301F-11D3-BF4B-00C04F79EFBC}") = "Kickstart.Web", "Kickstart.Web\Kickstart.Web.csproj", "{F7EB3A0F-D40D-9803-3535-284457FC0855}"
EndProject
Global
	GlobalSection(SolutionConfigurationPlatforms) = preSolution
		Debug|Any CPU = Debug|Any CPU
		Release|Any CPU = Release|Any CPU
	EndGlobalSection
	GlobalSection(ProjectConfigurationPlatforms) = postSolution
		{F7EB3A0F-D40D-9803-3535-284457FC0855}.Debug|Any CPU.ActiveCfg = Debug|Any CPU
		{F7EB3A0F-D40D-9803-3535-284457FC0855}.Debug|Any CPU.Build.0 = Debug|Any CPU
		{F7EB3A0F-D40D-9803-3535-284457FC0855}.Release|Any CPU.ActiveCfg = Release|Any CPU
		{F7EB3A0F-D40D-9803-3535-284457FC0855}.Release|Any CPU.Build.0 = Release|Any CPU
	EndGlobalSection
	GlobalSection(SolutionProperties) = preSolution
		HideSolutionNode = FALSE
	EndGlobalSection
	GlobalSection(ExtensibilityGlobals) = postSolution
		SolutionGuid = {5DCFF69E-4D98-463E-AE45-71889F799AFD}
	EndGlobalSection
EndGlobal
