Microsoft Visual Studio Solution File, Format Version 12.00
# Visual Studio Version 17
VisualStudioVersion = 17.5.2.0
MinimumVisualStudioVersion = 10.0.40219.1
Project("{FAE04EC0-301F-11D3-BF4B-00C04F79EFBC}") = "Kickstart.Web", "Kickstart.Web\Kickstart.Web.csproj", "{B5B6C7CB-2302-F619-38A4-E22FC31D3752}"
EndProject
Project("{FAE04EC0-301F-11D3-BF4B-00C04F79EFBC}") = "Kickstart.Entities", "Kickstart.Entities\Kickstart.Entities.csproj", "{7BDC4B89-9849-4AFD-8DBE-2113D19B4AB8}"
EndProject
Global
	GlobalSection(SolutionConfigurationPlatforms) = preSolution
		Debug|Any CPU = Debug|Any CPU
		Release|Any CPU = Release|Any CPU
	EndGlobalSection
	GlobalSection(ProjectConfigurationPlatforms) = postSolution
		{B5B6C7CB-2302-F619-38A4-E22FC31D3752}.Debug|Any CPU.ActiveCfg = Debug|Any CPU
		{B5B6C7CB-2302-F619-38A4-E22FC31D3752}.Debug|Any CPU.Build.0 = Debug|Any CPU
		{B5B6C7CB-2302-F619-38A4-E22FC31D3752}.Release|Any CPU.ActiveCfg = Release|Any CPU
		{B5B6C7CB-2302-F619-38A4-E22FC31D3752}.Release|Any CPU.Build.0 = Release|Any CPU
		{7BDC4B89-9849-4AFD-8DBE-2113D19B4AB8}.Debug|Any CPU.ActiveCfg = Debug|Any CPU
		{7BDC4B89-9849-4AFD-8DBE-2113D19B4AB8}.Debug|Any CPU.Build.0 = Debug|Any CPU
		{7BDC4B89-9849-4AFD-8DBE-2113D19B4AB8}.Release|Any CPU.ActiveCfg = Release|Any CPU
		{7BDC4B89-9849-4AFD-8DBE-2113D19B4AB8}.Release|Any CPU.Build.0 = Release|Any CPU
	EndGlobalSection
	GlobalSection(SolutionProperties) = preSolution
		HideSolutionNode = FALSE
	EndGlobalSection
	GlobalSection(ExtensibilityGlobals) = postSolution
		SolutionGuid = {C94EDEDC-6CBE-474F-BEC7-7293C272BEE5}
	EndGlobalSection
EndGlobal
